
Microsoft Visual Studio Solution File, Format Version 12.00
# Visual Studio Version 17
VisualStudioVersion = 17.14.36518.9
MinimumVisualStudioVersion = 10.0.40219.1
Project("{FAE04EC0-301F-11D3-BF4B-00C04F79EFBC}") = "IphoneStoreFE", "IphoneStoreFE\IphoneStoreFE.csproj", "{A44BDA95-E319-48D7-95A7-255C5CE9EDE6}"
EndProject
Project("{FAE04EC0-301F-11D3-BF4B-00C04F79EFBC}") = "IphoneStoreBE", "IphoneStore-DotNet\IphoneStoreBE\IphoneStoreBE\IphoneStoreBE.csproj", "{90D2F578-238C-260E-6FA2-54B9987B849A}"
EndProject
Global
	GlobalSection(SolutionConfigurationPlatforms) = preSolution
		Debug|Any CPU = Debug|Any CPU
		Release|Any CPU = Release|Any CPU
	EndGlobalSection
	GlobalSection(ProjectConfigurationPlatforms) = postSolution
		{A44BDA95-E319-48D7-95A7-255C5CE9EDE6}.Debug|Any CPU.ActiveCfg = Debug|Any CPU
		{A44BDA95-E319-48D7-95A7-255C5CE9EDE6}.Debug|Any CPU.Build.0 = Debug|Any CPU
		{A44BDA95-E319-48D7-95A7-255C5CE9EDE6}.Release|Any CPU.ActiveCfg = Release|Any CPU
		{A44BDA95-E319-48D7-95A7-255C5CE9EDE6}.Release|Any CPU.Build.0 = Release|Any CPU
		{90D2F578-238C-260E-6FA2-54B9987B849A}.Debug|Any CPU.ActiveCfg = Debug|Any CPU
		{90D2F578-238C-260E-6FA2-54B9987B849A}.Debug|Any CPU.Build.0 = Debug|Any CPU
		{90D2F578-238C-260E-6FA2-54B9987B849A}.Release|Any CPU.ActiveCfg = Release|Any CPU
		{90D2F578-238C-260E-6FA2-54B9987B849A}.Release|Any CPU.Build.0 = Release|Any CPU
	EndGlobalSection
	GlobalSection(SolutionProperties) = preSolution
		HideSolutionNode = FALSE
	EndGlobalSection
	GlobalSection(ExtensibilityGlobals) = postSolution
		SolutionGuid = {5EE8EB3A-AA64-4A90-B1B9-7952DF547F40}
	EndGlobalSection
EndGlobal
